
Microsoft Visual Studio Solution File, Format Version 12.00
# Visual Studio Version 17
VisualStudioVersion = 17.7.34202.233
MinimumVisualStudioVersion = 10.0.40219.1
Project("{F184B08F-C81C-45F6-A57F-5ABD9991F28F}") = "VocabularyNumbers", "VocabularyNumbers\VocabularyNumbers.vbproj", "{0DCB17BA-8DA4-4DA5-827D-3F90FD29CA06}"
EndProject
Global
	GlobalSection(SolutionConfigurationPlatforms) = preSolution
		Debug|Any CPU = Debug|Any CPU
		Release|Any CPU = Release|Any CPU
	EndGlobalSection
	GlobalSection(ProjectConfigurationPlatforms) = postSolution
		{0DCB17BA-8DA4-4DA5-827D-3F90FD29CA06}.Debug|Any CPU.ActiveCfg = Debug|Any CPU
		{0DCB17BA-8DA4-4DA5-827D-3F90FD29CA06}.Debug|Any CPU.Build.0 = Debug|Any CPU
		{0DCB17BA-8DA4-4DA5-827D-3F90FD29CA06}.Release|Any CPU.ActiveCfg = Release|Any CPU
		{0DCB17BA-8DA4-4DA5-827D-3F90FD29CA06}.Release|Any CPU.Build.0 = Release|Any CPU
	EndGlobalSection
	GlobalSection(SolutionProperties) = preSolution
		HideSolutionNode = FALSE
	EndGlobalSection
	GlobalSection(ExtensibilityGlobals) = postSolution
		SolutionGuid = {CF312C76-D0C9-4759-B4DE-4DCC2330F199}
	EndGlobalSection
EndGlobal
